
Microsoft Visual Studio Solution File, Format Version 12.00
# Visual Studio 15
VisualStudioVersion = 15.0.28307.2092
MinimumVisualStudioVersion = 10.0.40219.1
Project("{FAE04EC0-301F-11D3-BF4B-00C04F79EFBC}") = "Model", "Model\Model.csproj", "{905B570A-812C-494F-8904-926757586EFC}"
EndProject
Project("{FAE04EC0-301F-11D3-BF4B-00C04F79EFBC}") = "IDAL", "IDAL\IDAL.csproj", "{B11745E6-B1AF-478D-92FF-5D60435BB903}"
EndProject
Project("{FAE04EC0-301F-11D3-BF4B-00C04F79EFBC}") = "DAL", "DAL\DAL.csproj", "{599AE870-3504-4430-A300-DC4A1DB4B479}"
EndProject
Project("{FAE04EC0-301F-11D3-BF4B-00C04F79EFBC}") = "Factory", "Factory\Factory.csproj", "{2D147F51-25CA-47D4-A8FA-6E959A9F1323}"
EndProject
Project("{FAE04EC0-301F-11D3-BF4B-00C04F79EFBC}") = "BLL", "BLL\BLL.csproj", "{4599EE35-DE92-4EC2-8263-E5B5397525A5}"
EndProject
Project("{FAE04EC0-301F-11D3-BF4B-00C04F79EFBC}") = "API", "API\API.csproj", "{A9B45745-FBF4-48FD-8285-3B8118118789}"
EndProject
Global
	GlobalSection(SolutionConfigurationPlatforms) = preSolution
		Debug|Any CPU = Debug|Any CPU
		Release|Any CPU = Release|Any CPU
	EndGlobalSection
	GlobalSection(ProjectConfigurationPlatforms) = postSolution
		{905B570A-812C-494F-8904-926757586EFC}.Debug|Any CPU.ActiveCfg = Debug|Any CPU
		{905B570A-812C-494F-8904-926757586EFC}.Debug|Any CPU.Build.0 = Debug|Any CPU
		{905B570A-812C-494F-8904-926757586EFC}.Release|Any CPU.ActiveCfg = Release|Any CPU
		{905B570A-812C-494F-8904-926757586EFC}.Release|Any CPU.Build.0 = Release|Any CPU
		{B11745E6-B1AF-478D-92FF-5D60435BB903}.Debug|Any CPU.ActiveCfg = Debug|Any CPU
		{B11745E6-B1AF-478D-92FF-5D60435BB903}.Debug|Any CPU.Build.0 = Debug|Any CPU
		{B11745E6-B1AF-478D-92FF-5D60435BB903}.Release|Any CPU.ActiveCfg = Release|Any CPU
		{B11745E6-B1AF-478D-92FF-5D60435BB903}.Release|Any CPU.Build.0 = Release|Any CPU
		{599AE870-3504-4430-A300-DC4A1DB4B479}.Debug|Any CPU.ActiveCfg = Debug|Any CPU
		{599AE870-3504-4430-A300-DC4A1DB4B479}.Debug|Any CPU.Build.0 = Debug|Any CPU
		{599AE870-3504-4430-A300-DC4A1DB4B479}.Release|Any CPU.ActiveCfg = Release|Any CPU
		{599AE870-3504-4430-A300-DC4A1DB4B479}.Release|Any CPU.Build.0 = Release|Any CPU
		{2D147F51-25CA-47D4-A8FA-6E959A9F1323}.Debug|Any CPU.ActiveCfg = Debug|Any CPU
		{2D147F51-25CA-47D4-A8FA-6E959A9F1323}.Debug|Any CPU.Build.0 = Debug|Any CPU
		{2D147F51-25CA-47D4-A8FA-6E959A9F1323}.Release|Any CPU.ActiveCfg = Release|Any CPU
		{2D147F51-25CA-47D4-A8FA-6E959A9F1323}.Release|Any CPU.Build.0 = Release|Any CPU
		{4599EE35-DE92-4EC2-8263-E5B5397525A5}.Debug|Any CPU.ActiveCfg = Debug|Any CPU
		{4599EE35-DE92-4EC2-8263-E5B5397525A5}.Debug|Any CPU.Build.0 = Debug|Any CPU
		{4599EE35-DE92-4EC2-8263-E5B5397525A5}.Release|Any CPU.ActiveCfg = Release|Any CPU
		{4599EE35-DE92-4EC2-8263-E5B5397525A5}.Release|Any CPU.Build.0 = Release|Any CPU
		{A9B45745-FBF4-48FD-8285-3B8118118789}.Debug|Any CPU.ActiveCfg = Debug|Any CPU
		{A9B45745-FBF4-48FD-8285-3B8118118789}.Debug|Any CPU.Build.0 = Debug|Any CPU
		{A9B45745-FBF4-48FD-8285-3B8118118789}.Release|Any CPU.ActiveCfg = Release|Any CPU
		{A9B45745-FBF4-48FD-8285-3B8118118789}.Release|Any CPU.Build.0 = Release|Any CPU
	EndGlobalSection
	GlobalSection(SolutionProperties) = preSolution
		HideSolutionNode = FALSE
	EndGlobalSection
	GlobalSection(ExtensibilityGlobals) = postSolution
		SolutionGuid = {D6BF7DAD-E20A-4ACD-9480-E4176CA0A3FC}
	EndGlobalSection
EndGlobal
